
Microsoft Visual Studio Solution File, Format Version 12.00
Project("{FAE04EC0-301F-11D3-BF4B-00C04F79EFBC}") = "Lab3", "Lab3\Lab3.csproj", "{2E5ECBDB-D033-4400-B14A-C8A472E2CEE4}"
EndProject
Global
	GlobalSection(SolutionConfigurationPlatforms) = preSolution
		Debug|Any CPU = Debug|Any CPU
		Release|Any CPU = Release|Any CPU
	EndGlobalSection
	GlobalSection(ProjectConfigurationPlatforms) = postSolution
		{2E5ECBDB-D033-4400-B14A-C8A472E2CEE4}.Debug|Any CPU.ActiveCfg = Debug|Any CPU
		{2E5ECBDB-D033-4400-B14A-C8A472E2CEE4}.Debug|Any CPU.Build.0 = Debug|Any CPU
		{2E5ECBDB-D033-4400-B14A-C8A472E2CEE4}.Release|Any CPU.ActiveCfg = Release|Any CPU
		{2E5ECBDB-D033-4400-B14A-C8A472E2CEE4}.Release|Any CPU.Build.0 = Release|Any CPU
	EndGlobalSection
EndGlobal
